
Microsoft Visual Studio Solution File, Format Version 12.00
# Visual Studio Version 17
VisualStudioVersion = 17.8.34004.107
MinimumVisualStudioVersion = 10.0.40219.1
Project("{9A19103F-16F7-4668-BE54-9A1E7A4F7556}") = "HookUIMod", "HookUIMod.csproj", "{9092F219-2EC6-4FB0-9A67-F39B751901C2}"
EndProject
Project("{9A19103F-16F7-4668-BE54-9A1E7A4F7556}") = "HookUILib", "..\lib\HookUILib.csproj", "{FB7A7395-6521-476F-9E17-E703FDBEA8DE}"
EndProject
Project("{9A19103F-16F7-4668-BE54-9A1E7A4F7556}") = "HookUIMod.Tests", "..\HookUIMod.Tests\HookUIMod.Tests.csproj", "{BB8DB377-4EDE-421B-9A69-0D646D19460F}"
EndProject
Global
	GlobalSection(SolutionConfigurationPlatforms) = preSolution
		Debug|Any CPU = Debug|Any CPU
		Release|Any CPU = Release|Any CPU
	EndGlobalSection
	GlobalSection(ProjectConfigurationPlatforms) = postSolution
		{9092F219-2EC6-4FB0-9A67-F39B751901C2}.Debug|Any CPU.ActiveCfg = Debug|Any CPU
		{9092F219-2EC6-4FB0-9A67-F39B751901C2}.Debug|Any CPU.Build.0 = Debug|Any CPU
		{9092F219-2EC6-4FB0-9A67-F39B751901C2}.Release|Any CPU.ActiveCfg = Release|Any CPU
		{9092F219-2EC6-4FB0-9A67-F39B751901C2}.Release|Any CPU.Build.0 = Release|Any CPU
		{FB7A7395-6521-476F-9E17-E703FDBEA8DE}.Debug|Any CPU.ActiveCfg = Debug|Any CPU
		{FB7A7395-6521-476F-9E17-E703FDBEA8DE}.Debug|Any CPU.Build.0 = Debug|Any CPU
		{FB7A7395-6521-476F-9E17-E703FDBEA8DE}.Release|Any CPU.ActiveCfg = Release|Any CPU
		{FB7A7395-6521-476F-9E17-E703FDBEA8DE}.Release|Any CPU.Build.0 = Release|Any CPU
		{BB8DB377-4EDE-421B-9A69-0D646D19460F}.Debug|Any CPU.ActiveCfg = Debug|Any CPU
		{BB8DB377-4EDE-421B-9A69-0D646D19460F}.Debug|Any CPU.Build.0 = Debug|Any CPU
		{BB8DB377-4EDE-421B-9A69-0D646D19460F}.Release|Any CPU.ActiveCfg = Release|Any CPU
		{BB8DB377-4EDE-421B-9A69-0D646D19460F}.Release|Any CPU.Build.0 = Release|Any CPU
	EndGlobalSection
	GlobalSection(SolutionProperties) = preSolution
		HideSolutionNode = FALSE
	EndGlobalSection
	GlobalSection(ExtensibilityGlobals) = postSolution
		SolutionGuid = {CE49ADB5-EE1B-4C9F-893E-9755AED97EDF}
	EndGlobalSection
EndGlobal
